{
  "name": "quantum",
  "lockfileVersion": 3,
  "requires": true,
  "packages": {
    "": {
      "dependencies": {
        "xchacha20-js": "^0.3.1"
      }
    },
    "node_modules/typedarray-to-buffer": {
      "version": "4.0.0",
      "resolved": "https://registry.npmjs.org/typedarray-to-buffer/-/typedarray-to-buffer-4.0.0.tgz",
      "integrity": "sha512-6dOYeZfS3O9RtRD1caom0sMxgK59b27+IwoNy8RDPsmslSGOyU+mpTamlaIW7aNKi90ZQZ9DFaZL3YRoiSCULQ==",
      "funding": [
        {
          "type": "github",
          "url": "https://github.com/sponsors/feross"
        },
        {
          "type": "patreon",
          "url": "https://www.patreon.com/feross"
        },
        {
          "type": "consulting",
          "url": "https://feross.org/support"
        }
      ]
    },
    "node_modules/xchacha20-js": {
      "version": "0.3.1",
      "resolved": "https://registry.npmjs.org/xchacha20-js/-/xchacha20-js-0.3.1.tgz",
      "integrity": "sha512-LrfoUf0BBH3VSUVEtTe5tnCr8BNF2mf7M7E50y91MLvcsK0gkbx0GR+Tbc2SNxAXMytIRzsuY5KaZw5QJcpuJQ==",
      "dependencies": {
        "typedarray-to-buffer": "^4.0.0"
      }
    }
  }
}
